github.com/Pavelavl/go-lsrp v0.0.2 h1:9/y9JFoCrd1soZofct/B1lqJl8fjsE6E/D0CU6sKw10=
github.com/Pavelavl/go-lsrp v0.0.2/go.mod h1:iu85Yv2fF89v/zuBEppMGCdakJYCvqCpxq2Abx6ygAM=
github.com/Pavelavl/go-lsrp v0.0.3 h1:XwVQFj42o2TfGQ6dlL40xpefi0Ys5S+zn+kEKBZOJ1M=
github.com/Pavelavl/go-lsrp v0.0.3/go.mod h1:iu85Yv2fF89v/zuBEppMGCdakJYCvqCpxq2Abx6ygAM=
github.com/Pavelavl/go-lsrp v0.0.4 h1:Wr89IOv5a/81gbie27QZrZSv34l9TGXg2irKQmxg0YM=
github.com/Pavelavl/go-lsrp v0.0.4/go.mod h1:iu85Yv2fF89v/zuBEppMGCdakJYCvqCpxq2Abx6ygAM=
